
Microsoft Visual Studio Solution File, Format Version 12.00
# Visual Studio 14
VisualStudioVersion = 14.0.25420.1
MinimumVisualStudioVersion = 10.0.40219.1
Project("{FAE04EC0-301F-11D3-BF4B-00C04F79EFBC}") = "WForm", "WForm\WForm.csproj", "{AD626C52-BCD3-4B99-B672-56DDA5D5F868}"
EndProject
Project("{FAE04EC0-301F-11D3-BF4B-00C04F79EFBC}") = "DAL", "DAL\DAL.csproj", "{9204492F-DE23-48C9-AAE5-F1BBE6C61240}"
EndProject
Project("{FAE04EC0-301F-11D3-BF4B-00C04F79EFBC}") = "BAL", "BAL\BAL.csproj", "{ED406DE3-937E-4092-9E67-5E523D64F8FE}"
EndProject
Project("{FAE04EC0-301F-11D3-BF4B-00C04F79EFBC}") = "PAL", "PAL\PAL.csproj", "{0BBDF6CB-4689-4F66-96B9-88066B49706E}"
EndProject
Project("{FAE04EC0-301F-11D3-BF4B-00C04F79EFBC}") = "DTO", "DTO\DTO.csproj", "{FBFD196F-C5A8-431D-9330-593FC1E14E32}"
EndProject
Global
	GlobalSection(SolutionConfigurationPlatforms) = preSolution
		Debug|Any CPU = Debug|Any CPU
		Release|Any CPU = Release|Any CPU
	EndGlobalSection
	GlobalSection(ProjectConfigurationPlatforms) = postSolution
		{AD626C52-BCD3-4B99-B672-56DDA5D5F868}.Debug|Any CPU.ActiveCfg = Debug|Any CPU
		{AD626C52-BCD3-4B99-B672-56DDA5D5F868}.Debug|Any CPU.Build.0 = Debug|Any CPU
		{AD626C52-BCD3-4B99-B672-56DDA5D5F868}.Release|Any CPU.ActiveCfg = Release|Any CPU
		{AD626C52-BCD3-4B99-B672-56DDA5D5F868}.Release|Any CPU.Build.0 = Release|Any CPU
		{9204492F-DE23-48C9-AAE5-F1BBE6C61240}.Debug|Any CPU.ActiveCfg = Debug|Any CPU
		{9204492F-DE23-48C9-AAE5-F1BBE6C61240}.Debug|Any CPU.Build.0 = Debug|Any CPU
		{9204492F-DE23-48C9-AAE5-F1BBE6C61240}.Release|Any CPU.ActiveCfg = Release|Any CPU
		{9204492F-DE23-48C9-AAE5-F1BBE6C61240}.Release|Any CPU.Build.0 = Release|Any CPU
		{ED406DE3-937E-4092-9E67-5E523D64F8FE}.Debug|Any CPU.ActiveCfg = Debug|Any CPU
		{ED406DE3-937E-4092-9E67-5E523D64F8FE}.Debug|Any CPU.Build.0 = Debug|Any CPU
		{ED406DE3-937E-4092-9E67-5E523D64F8FE}.Release|Any CPU.ActiveCfg = Release|Any CPU
		{ED406DE3-937E-4092-9E67-5E523D64F8FE}.Release|Any CPU.Build.0 = Release|Any CPU
		{0BBDF6CB-4689-4F66-96B9-88066B49706E}.Debug|Any CPU.ActiveCfg = Debug|Any CPU
		{0BBDF6CB-4689-4F66-96B9-88066B49706E}.Debug|Any CPU.Build.0 = Debug|Any CPU
		{0BBDF6CB-4689-4F66-96B9-88066B49706E}.Release|Any CPU.ActiveCfg = Release|Any CPU
		{0BBDF6CB-4689-4F66-96B9-88066B49706E}.Release|Any CPU.Build.0 = Release|Any CPU
		{FBFD196F-C5A8-431D-9330-593FC1E14E32}.Debug|Any CPU.ActiveCfg = Debug|Any CPU
		{FBFD196F-C5A8-431D-9330-593FC1E14E32}.Debug|Any CPU.Build.0 = Debug|Any CPU
		{FBFD196F-C5A8-431D-9330-593FC1E14E32}.Release|Any CPU.ActiveCfg = Release|Any CPU
		{FBFD196F-C5A8-431D-9330-593FC1E14E32}.Release|Any CPU.Build.0 = Release|Any CPU
	EndGlobalSection
	GlobalSection(SolutionProperties) = preSolution
		HideSolutionNode = FALSE
	EndGlobalSection
EndGlobal
